
Microsoft Visual Studio Solution File, Format Version 12.00
# Visual Studio Version 17
VisualStudioVersion = 17.5.33530.505
MinimumVisualStudioVersion = 10.0.40219.1
Project("{9A19103F-16F7-4668-BE54-9A1E7A4F7556}") = "principios-solid", "RecordExample\principios-solid.csproj", "{C0B1A005-4EB1-4A41-BE80-A09834F70F23}"
EndProject
Global
	GlobalSection(SolutionConfigurationPlatforms) = preSolution
		Debug|Any CPU = Debug|Any CPU
		Release|Any CPU = Release|Any CPU
	EndGlobalSection
	GlobalSection(ProjectConfigurationPlatforms) = postSolution
		{C0B1A005-4EB1-4A41-BE80-A09834F70F23}.Debug|Any CPU.ActiveCfg = Debug|Any CPU
		{C0B1A005-4EB1-4A41-BE80-A09834F70F23}.Debug|Any CPU.Build.0 = Debug|Any CPU
		{C0B1A005-4EB1-4A41-BE80-A09834F70F23}.Release|Any CPU.ActiveCfg = Release|Any CPU
		{C0B1A005-4EB1-4A41-BE80-A09834F70F23}.Release|Any CPU.Build.0 = Release|Any CPU
	EndGlobalSection
	GlobalSection(SolutionProperties) = preSolution
		HideSolutionNode = FALSE
	EndGlobalSection
	GlobalSection(ExtensibilityGlobals) = postSolution
		SolutionGuid = {C71FB1F0-D9D2-4657-81BA-02CB96287705}
	EndGlobalSection
EndGlobal
